github.com/blang/semver v3.5.1+incompatible h1:cQNTCjp13qL8KC3Nbxr/y2Bqb63oX6wdnnjpJbkM4JQ=
github.com/blang/semver v3.5.1+incompatible/go.mod h1:kRBLl5iJ+tD4TcOOxsy/0fnwebNt5EWlYSAyrTnjyyk=
github.com/go-logr/logr v1.3.0/go.mod h1:9T104GzyrTigFIr8wt5mBrctHMim0Nb2HLGrmQ40KvY=
github.com/go-logr/logr v1.4.1 h1:pKouT5E8xu9zeFC39JXRDukb6JFQPXM5p5I91188VAQ=
github.com/go-logr/logr v1.4.1/go.mod h1:9T104GzyrTigFIr8wt5mBrctHMim0Nb2HLGrmQ40KvY=
github.com/google/go-cmp v0.6.0 h1:ofyhxvXcZhMsU5ulbFiLKl/XBFqE1GSq7atu8tAmTRI=
github.com/google/go-cmp v0.6.0/go.mod h1:17dUlkBOakJ0+DkrSSNjCkIjxS6bF9zb3elmeNGIjoY=
github.com/onsi/gomega v1.33.1 h1:dsYjIxxSR755MDmKVsaFQTE22ChNBcuuTWgkUDSubOk=
github.com/onsi/gomega v1.33.1/go.mod h1:U4R44UsT+9eLIaYRB2a5qajjtQYn0hauxvRm16AVYg0=
github.com/pkg/errors v0.9.1 h1:FEBLx1zS214owpjy7qsBeixbURkuhQAwrK5UwLGTwt4=
github.com/pkg/errors v0.9.1/go.mod h1:bwawxfHBFNV+L2hUp1rHADufV3IMtnDRdf1r5NINEl0=
golang.org/x/net v0.25.0 h1:d/OCCoBEUq33pjydKrGQhw7IlUPI2Oylr+8qLx49kac=
golang.org/x/net v0.25.0/go.mod h1:JkAGAh7GEvH74S6FOH42FLoXpXbE/aqXSrIQjXgsiwM=
golang.org/x/sys v0.20.0 h1:Od9JTbYCk261bKm4M/mw7AklTlFYIa0bIp9BgSm1S8Y=
golang.org/x/sys v0.20.0/go.mod h1:/VUhepiaJMQUp4+oa/7Zr1D23ma6VTLIYjOOTFZPUcA=
golang.org/x/text v0.15.0 h1:h1V/4gjBv8v9cjcR6+AR5+/cIYK5N/WAgiv4xlsEtAk=
golang.org/x/text v0.15.0/go.mod h1:18ZOQIKpY8NJVqYksKHtTdi31H5itFRjB5/qKTNYzSU=
golang.org/x/tools/go/vcs v0.1.0-deprecated h1:cOIJqWBl99H1dH5LWizPa+0ImeeJq3t3cJjaeOWUAL4=
golang.org/x/tools/go/vcs v0.1.0-deprecated/go.mod h1:zUrvATBAvEI9535oC0yWYsLsHIV4Z7g63sNPVMtuBy8=
gopkg.in/yaml.v3 v3.0.1 h1:fxVm/GzAzEWqLHuvctI91KS9hhNmmWOoWu0XTYJS7CA=
gopkg.in/yaml.v3 v3.0.1/go.mod h1:K4uyk7z7BCEPqu6E+C64Yfv1cQ7kz7rIZviUmN+EgEM=
k8s.io/apimachinery v0.27.7 h1:Gxgtb7Y/Rsu8ymgmUEaiErkxa6RY4oTd8kNUI6SUR58=
k8s.io/apimachinery v0.27.7/go.mod h1:jBGQgTjkw99ef6q5hv1YurDd3BqKDk9YRxmX0Ozo0i8=
k8s.io/klog/v2 v2.110.1 h1:U/Af64HJf7FcwMcXyKm2RPM22WZzyR7OSpYj5tg3cL0=
k8s.io/klog/v2 v2.110.1/go.mod h1:YGtd1984u+GgbuZ7e08/yBuAfKLSO0+uR1Fhi6ExXjo=
k8s.io/utils v0.0.0-20230209194617-a36077c30491 h1:r0BAOLElQnnFhE/ApUsg3iHdVYYPBjNSSOMowRZxxsY=
k8s.io/utils v0.0.0-20230209194617-a36077c30491/go.mod h1:OLgZIPagt7ERELqWJFomSt595RzquPNLL48iOWgYOg0=
sigs.k8s.io/cluster-api v1.5.7 h1:/qobSDBc0wLIlr2PMgHysmwFCAhg80t5MznSz+x5pOE=
sigs.k8s.io/cluster-api v1.5.7/go.mod h1:I2swI7MWO5PRfIf0k/nlrjX/guMSVe7+C0hQu9TGMSc=
sigs.k8s.io/cluster-api/hack/tools v0.0.0-20240311182002-eeab3ceb5ecc h1:YNVYlb2EBQwE+BrYRyxXymRlbblU/JS11yC1TL9Kisc=
sigs.k8s.io/cluster-api/hack/tools v0.0.0-20240311182002-eeab3ceb5ecc/go.mod h1:yv3WQ/1osKOOfvInXmY7Bj/XHDG57suL6NXBdW5h8Rg=
sigs.k8s.io/kubebuilder/docs/book/utils v0.0.0-20211028165026-57688c578b5d h1:KLiQzLW3RZJR19+j4pw2h5iioyAyqCkDBEAFdnGa3N8=
sigs.k8s.io/kubebuilder/docs/book/utils v0.0.0-20211028165026-57688c578b5d/go.mod h1:NRdZafr4zSCseLQggdvIMXa7umxf+Q+PJzrj3wFwiGE=
